PODS:
  - Alamofire (4.4.0)
  - NumberMorphView (0.2.0)
  - Realm (2.8.0):
    - Realm/Headers (= 2.8.0)
  - Realm/Headers (2.8.0)
  - RealmSwift (2.8.0):
    - Realm (= 2.8.0)
  - Spring (1.0.3)
  - SwiftyJSON (3.1.4)
  - TextFieldEffects (1.3.3)

DEPENDENCIES:
  - Alamofire (~> 4.4.0)
  - NumberMorphView
  - RealmSwift (~> 2.8.0)
  - Spring (from `https://github.com/MengTo/Spring.git`, branch `swift3`)
  - SwiftyJSON (~> 3.1.4)
  - TextFieldEffects (~> 1.3.2)

EXTERNAL SOURCES:
  Spring:
    :branch: swift3
    :git: https://github.com/MengTo/Spring.git

CHECKOUT OPTIONS:
  Spring:
    :commit: 8201b5c93bd7ebdf4cd18160bcde1e6e88c2be64
    :git: https://github.com/MengTo/Spring.git

SPEC CHECKSUMS:
  Alamofire: dc44b1600b800eb63da6a19039a0083d62a6a62d
  NumberMorphView: d364796d0c0bd343505b94350b5f4ba8e67de37c
  Realm: 929243ad2b618b3232e70658bedc61110e7563f1
  RealmSwift: 5b7079b891f2833d1849294161ba3e092bbda3f6
  Spring: 3f02b5dc3308572ef177b3cad0fa7bbc4b0706f7
  SwiftyJSON: c2842d878f95482ffceec5709abc3d05680c0220
  TextFieldEffects: 8706f53525f1ce51c8921b7af32237caab50c467

PODFILE CHECKSUM: ae16e27899be64f590a3674aa04adcdc523da08c

COCOAPODS: 1.2.1
